
Microsoft Visual Studio Solution File, Format Version 12.00
# Visual Studio Version 17
VisualStudioVersion = 17.6.33829.357
MinimumVisualStudioVersion = 10.0.40219.1
Project("{FAE04EC0-301F-11D3-BF4B-00C04F79EFBC}") = "1372556_ProjetFinal", "1372556_ProjetFinal.csproj", "{3A6AD61A-588C-473C-B59D-3E9DB7019F1D}"
EndProject
Global
	GlobalSection(SolutionConfigurationPlatforms) = preSolution
		Debug|Any CPU = Debug|Any CPU
		Release|Any CPU = Release|Any CPU
	EndGlobalSection
	GlobalSection(ProjectConfigurationPlatforms) = postSolution
		{3A6AD61A-588C-473C-B59D-3E9DB7019F1D}.Debug|Any CPU.ActiveCfg = Debug|Any CPU
		{3A6AD61A-588C-473C-B59D-3E9DB7019F1D}.Debug|Any CPU.Build.0 = Debug|Any CPU
		{3A6AD61A-588C-473C-B59D-3E9DB7019F1D}.Release|Any CPU.ActiveCfg = Release|Any CPU
		{3A6AD61A-588C-473C-B59D-3E9DB7019F1D}.Release|Any CPU.Build.0 = Release|Any CPU
	EndGlobalSection
	GlobalSection(SolutionProperties) = preSolution
		HideSolutionNode = FALSE
	EndGlobalSection
	GlobalSection(ExtensibilityGlobals) = postSolution
		SolutionGuid = {1F53DD46-8A15-4745-898D-B46E9395E8F0}
	EndGlobalSection
EndGlobal
